
Microsoft Visual Studio Solution File, Format Version 12.00
# Visual Studio Version 17
VisualStudioVersion = 17.4.33122.133
MinimumVisualStudioVersion = 10.0.40219.1
Project("{8BC9CEB8-8B4A-11D0-8D11-00A0C91BC942}") = "Homework02_Program01", "Homework02_Program01\Homework02_Program01.vcxproj", "{5FA42D81-0822-41D9-94B0-36F137BA0126}"
EndProject
Global
	GlobalSection(SolutionConfigurationPlatforms) = preSolution
		Debug|x64 = Debug|x64
		Debug|x86 = Debug|x86
		Release|x64 = Release|x64
		Release|x86 = Release|x86
	EndGlobalSection
	GlobalSection(ProjectConfigurationPlatforms) = postSolution
		{5FA42D81-0822-41D9-94B0-36F137BA0126}.Debug|x64.ActiveCfg = Debug|x64
		{5FA42D81-0822-41D9-94B0-36F137BA0126}.Debug|x64.Build.0 = Debug|x64
		{5FA42D81-0822-41D9-94B0-36F137BA0126}.Debug|x86.ActiveCfg = Debug|Win32
		{5FA42D81-0822-41D9-94B0-36F137BA0126}.Debug|x86.Build.0 = Debug|Win32
		{5FA42D81-0822-41D9-94B0-36F137BA0126}.Release|x64.ActiveCfg = Release|x64
		{5FA42D81-0822-41D9-94B0-36F137BA0126}.Release|x64.Build.0 = Release|x64
		{5FA42D81-0822-41D9-94B0-36F137BA0126}.Release|x86.ActiveCfg = Release|Win32
		{5FA42D81-0822-41D9-94B0-36F137BA0126}.Release|x86.Build.0 = Release|Win32
	EndGlobalSection
	GlobalSection(SolutionProperties) = preSolution
		HideSolutionNode = FALSE
	EndGlobalSection
	GlobalSection(ExtensibilityGlobals) = postSolution
		SolutionGuid = {8BA53DE2-C479-426F-9E38-1C834222DEAF}
	EndGlobalSection
EndGlobal
